
Microsoft Visual Studio Solution File, Format Version 12.00
# Visual Studio Version 16
VisualStudioVersion = 16.0.30114.105
MinimumVisualStudioVersion = 10.0.40219.1
Project("{9A19103F-16F7-4668-BE54-9A1E7A4F7556}") = "GalaxyWebApi", "GalaxyWebApi\GalaxyWebApi.csproj", "{8AC0A481-6B3C-45CE-AB20-C73536EFC44A}"
EndProject
Project("{9A19103F-16F7-4668-BE54-9A1E7A4F7556}") = "GalaxyCore", "GalaxyCore\GalaxyCore.csproj", "{B68D9251-A9C3-472A-944E-D9009FC7709B}"
EndProject
Project("{9A19103F-16F7-4668-BE54-9A1E7A4F7556}") = "GalaxyDto", "GalaxyDto\GalaxyDto.csproj", "{75B0A3D2-7073-47B9-B737-2E7B506CD2EB}"
EndProject
Project("{9A19103F-16F7-4668-BE54-9A1E7A4F7556}") = "GalaxyRepository", "GalaxyRepository\GalaxyRepository.csproj", "{3EB519D0-6DC5-4F97-8D58-55E13EF8953C}"
EndProject
Project("{9A19103F-16F7-4668-BE54-9A1E7A4F7556}") = "TestsCore", "TestsCore\TestsCore.csproj", "{D2961A6A-A149-4AFB-9B3B-8E923E29C69F}"
EndProject
Project("{9A19103F-16F7-4668-BE54-9A1E7A4F7556}") = "GalaxyWebApi.IntegrationTests", "GalaxyWebApi.IntegrationTests\GalaxyWebApi.IntegrationTests.csproj", "{5FB326DC-C437-4410-8976-250DA61113EC}"
EndProject
Global
	GlobalSection(SolutionConfigurationPlatforms) = preSolution
		Debug|Any CPU = Debug|Any CPU
		Debug|x86 = Debug|x86
		Release|Any CPU = Release|Any CPU
		Release|x86 = Release|x86
	EndGlobalSection
	GlobalSection(ProjectConfigurationPlatforms) = postSolution
		{8AC0A481-6B3C-45CE-AB20-C73536EFC44A}.Debug|Any CPU.ActiveCfg = Debug|Any CPU
		{8AC0A481-6B3C-45CE-AB20-C73536EFC44A}.Debug|Any CPU.Build.0 = Debug|Any CPU
		{8AC0A481-6B3C-45CE-AB20-C73536EFC44A}.Debug|x86.ActiveCfg = Debug|Any CPU
		{8AC0A481-6B3C-45CE-AB20-C73536EFC44A}.Debug|x86.Build.0 = Debug|Any CPU
		{8AC0A481-6B3C-45CE-AB20-C73536EFC44A}.Release|Any CPU.ActiveCfg = Release|Any CPU
		{8AC0A481-6B3C-45CE-AB20-C73536EFC44A}.Release|Any CPU.Build.0 = Release|Any CPU
		{8AC0A481-6B3C-45CE-AB20-C73536EFC44A}.Release|x86.ActiveCfg = Release|Any CPU
		{8AC0A481-6B3C-45CE-AB20-C73536EFC44A}.Release|x86.Build.0 = Release|Any CPU
		{B68D9251-A9C3-472A-944E-D9009FC7709B}.Debug|Any CPU.ActiveCfg = Debug|Any CPU
		{B68D9251-A9C3-472A-944E-D9009FC7709B}.Debug|Any CPU.Build.0 = Debug|Any CPU
		{B68D9251-A9C3-472A-944E-D9009FC7709B}.Debug|x86.ActiveCfg = Debug|Any CPU
		{B68D9251-A9C3-472A-944E-D9009FC7709B}.Debug|x86.Build.0 = Debug|Any CPU
		{B68D9251-A9C3-472A-944E-D9009FC7709B}.Release|Any CPU.ActiveCfg = Release|Any CPU
		{B68D9251-A9C3-472A-944E-D9009FC7709B}.Release|Any CPU.Build.0 = Release|Any CPU
		{B68D9251-A9C3-472A-944E-D9009FC7709B}.Release|x86.ActiveCfg = Release|Any CPU
		{B68D9251-A9C3-472A-944E-D9009FC7709B}.Release|x86.Build.0 = Release|Any CPU
		{75B0A3D2-7073-47B9-B737-2E7B506CD2EB}.Debug|Any CPU.ActiveCfg = Debug|Any CPU
		{75B0A3D2-7073-47B9-B737-2E7B506CD2EB}.Debug|Any CPU.Build.0 = Debug|Any CPU
		{75B0A3D2-7073-47B9-B737-2E7B506CD2EB}.Debug|x86.ActiveCfg = Debug|Any CPU
		{75B0A3D2-7073-47B9-B737-2E7B506CD2EB}.Debug|x86.Build.0 = Debug|Any CPU
		{75B0A3D2-7073-47B9-B737-2E7B506CD2EB}.Release|Any CPU.ActiveCfg = Release|Any CPU
		{75B0A3D2-7073-47B9-B737-2E7B506CD2EB}.Release|Any CPU.Build.0 = Release|Any CPU
		{75B0A3D2-7073-47B9-B737-2E7B506CD2EB}.Release|x86.ActiveCfg = Release|Any CPU
		{75B0A3D2-7073-47B9-B737-2E7B506CD2EB}.Release|x86.Build.0 = Release|Any CPU
		{3EB519D0-6DC5-4F97-8D58-55E13EF8953C}.Debug|Any CPU.ActiveCfg = Debug|Any CPU
		{3EB519D0-6DC5-4F97-8D58-55E13EF8953C}.Debug|Any CPU.Build.0 = Debug|Any CPU
		{3EB519D0-6DC5-4F97-8D58-55E13EF8953C}.Debug|x86.ActiveCfg = Debug|Any CPU
		{3EB519D0-6DC5-4F97-8D58-55E13EF8953C}.Debug|x86.Build.0 = Debug|Any CPU
		{3EB519D0-6DC5-4F97-8D58-55E13EF8953C}.Release|Any CPU.ActiveCfg = Release|Any CPU
		{3EB519D0-6DC5-4F97-8D58-55E13EF8953C}.Release|Any CPU.Build.0 = Release|Any CPU
		{3EB519D0-6DC5-4F97-8D58-55E13EF8953C}.Release|x86.ActiveCfg = Release|Any CPU
		{3EB519D0-6DC5-4F97-8D58-55E13EF8953C}.Release|x86.Build.0 = Release|Any CPU
		{D2961A6A-A149-4AFB-9B3B-8E923E29C69F}.Debug|Any CPU.ActiveCfg = Debug|Any CPU
		{D2961A6A-A149-4AFB-9B3B-8E923E29C69F}.Debug|Any CPU.Build.0 = Debug|Any CPU
		{D2961A6A-A149-4AFB-9B3B-8E923E29C69F}.Debug|x86.ActiveCfg = Debug|Any CPU
		{D2961A6A-A149-4AFB-9B3B-8E923E29C69F}.Debug|x86.Build.0 = Debug|Any CPU
		{D2961A6A-A149-4AFB-9B3B-8E923E29C69F}.Release|Any CPU.ActiveCfg = Release|Any CPU
		{D2961A6A-A149-4AFB-9B3B-8E923E29C69F}.Release|Any CPU.Build.0 = Release|Any CPU
		{D2961A6A-A149-4AFB-9B3B-8E923E29C69F}.Release|x86.ActiveCfg = Release|Any CPU
		{D2961A6A-A149-4AFB-9B3B-8E923E29C69F}.Release|x86.Build.0 = Release|Any CPU
		{5FB326DC-C437-4410-8976-250DA61113EC}.Debug|Any CPU.ActiveCfg = Debug|Any CPU
		{5FB326DC-C437-4410-8976-250DA61113EC}.Debug|Any CPU.Build.0 = Debug|Any CPU
		{5FB326DC-C437-4410-8976-250DA61113EC}.Debug|x86.ActiveCfg = Debug|Any CPU
		{5FB326DC-C437-4410-8976-250DA61113EC}.Debug|x86.Build.0 = Debug|Any CPU
		{5FB326DC-C437-4410-8976-250DA61113EC}.Release|Any CPU.ActiveCfg = Release|Any CPU
		{5FB326DC-C437-4410-8976-250DA61113EC}.Release|Any CPU.Build.0 = Release|Any CPU
		{5FB326DC-C437-4410-8976-250DA61113EC}.Release|x86.ActiveCfg = Release|Any CPU
		{5FB326DC-C437-4410-8976-250DA61113EC}.Release|x86.Build.0 = Release|Any CPU
	EndGlobalSection
	GlobalSection(SolutionProperties) = preSolution
		HideSolutionNode = FALSE
	EndGlobalSection
	GlobalSection(ExtensibilityGlobals) = postSolution
		SolutionGuid = {64E2AF51-2018-4966-AF41-08BA797BB776}
	EndGlobalSection
EndGlobal
